// !$*UTF8*$!
{
	archiveVersion = 1;
	classes = {
	};
	objectVersion = 50;
	objects = {

/* Begin PBXBuildFile section */
		E10896D5258FE83D005E7A0E /* LandmarksApp.swift in Sources */ = {isa = PBXBuildFile; fileRef = E10896D4258FE83D005E7A0E /* LandmarksApp.swift */; };
		E10896D7258FE83D005E7A0E /* ContentView.swift in Sources */ = {isa = PBXBuildFile; fileRef = E10896D6258FE83D005E7A0E /* ContentView.swift */; };
		E10896D9258FE83F005E7A0E /* Assets.xcassets in Resources */ = {isa = PBXBuildFile; fileRef = E10896D8258FE83F005E7A0E /* Assets.xcassets */; };
		E10896DC258FE83F005E7A0E /* Preview Assets.xcassets in Resources */ = {isa = PBXBuildFile; fileRef = E10896DB258FE83F005E7A0E /* Preview Assets.xcassets */; };
		E1F43D49258FF4D200C08EBD /* CircleImage.swift in Sources */ = {isa = PBXBuildFile; fileRef = E1F43D48258FF4D200C08EBD /* CircleImage.swift */; };
		E1F43D4C258FF67C00C08EBD /* MapView.swift in Sources */ = {isa = PBXBuildFile; fileRef = E1F43D4B258FF67C00C08EBD /* MapView.swift */; };
		E1F43D4F259110C600C08EBD /* landmarkData.json in Resources */ = {isa = PBXBuildFile; fileRef = E1F43D4E259110C600C08EBD /* landmarkData.json */; };
		E1F43D522591110100C08EBD /* Landmark.swift in Sources */ = {isa = PBXBuildFile; fileRef = E1F43D512591110100C08EBD /* Landmark.swift */; };
		E1F43D552591132100C08EBD /* ModelData.swift in Sources */ = {isa = PBXBuildFile; fileRef = E1F43D542591132100C08EBD /* ModelData.swift */; };
		E1F43D5E259114A100C08EBD /* LandmarkRow.swift in Sources */ = {isa = PBXBuildFile; fileRef = E1F43D5D259114A100C08EBD /* LandmarkRow.swift */; };
		E1F43D61259116DD00C08EBD /* LandmarkList.swift in Sources */ = {isa = PBXBuildFile; fileRef = E1F43D60259116DD00C08EBD /* LandmarkList.swift */; };
/* End PBXBuildFile section */

/* Begin PBXFileReference section */
		E10896D1258FE83D005E7A0E /* Landmarks.app */ = {isa = PBXFileReference; explicitFileType = wrapper.application; includeInIndex = 0; path = Landmarks.app; sourceTree = BUILT_PRODUCTS_DIR; };
		E10896D4258FE83D005E7A0E /* LandmarksApp.swift */ = {isa = PBXFileReference; lastKnownFileType = sourcecode.swift; path = LandmarksApp.swift; sourceTree = "<group>"; };
		E10896D6258FE83D005E7A0E /* ContentView.swift */ = {isa = PBXFileReference; lastKnownFileType = sourcecode.swift; path = ContentView.swift; sourceTree = "<group>"; };
		E10896D8258FE83F005E7A0E /* Assets.xcassets */ = {isa = PBXFileReference; lastKnownFileType = folder.assetcatalog; path = Assets.xcassets; sourceTree = "<group>"; };
		E10896DB258FE83F005E7A0E /* Preview Assets.xcassets */ = {isa = PBXFileReference; lastKnownFileType = folder.assetcatalog; path = "Preview Assets.xcassets"; sourceTree = "<group>"; };
		E10896DD258FE83F005E7A0E /* Info.plist */ = {isa = PBXFileReference; lastKnownFileType = text.plist.xml; path = Info.plist; sourceTree = "<group>"; };
		E1F43D48258FF4D200C08EBD /* CircleImage.swift */ = {isa = PBXFileReference; lastKnownFileType = sourcecode.swift; path = CircleImage.swift; sourceTree = "<group>"; };
		E1F43D4B258FF67C00C08EBD /* MapView.swift */ = {isa = PBXFileReference; lastKnownFileType = sourcecode.swift; path = MapView.swift; sourceTree = "<group>"; };
		E1F43D4E259110C600C08EBD /* landmarkData.json */ = {isa = PBXFileReference; fileEncoding = 4; lastKnownFileType = text.json; path = landmarkData.json; sourceTree = "<group>"; };
		E1F43D512591110100C08EBD /* Landmark.swift */ = {isa = PBXFileReference; lastKnownFileType = sourcecode.swift; path = Landmark.swift; sourceTree = "<group>"; };
		E1F43D542591132100C08EBD /* ModelData.swift */ = {isa = PBXFileReference; lastKnownFileType = sourcecode.swift; path = ModelData.swift; sourceTree = "<group>"; };
		E1F43D5D259114A100C08EBD /* LandmarkRow.swift */ = {isa = PBXFileReference; lastKnownFileType = sourcecode.swift; path = LandmarkRow.swift; sourceTree = "<group>"; };
		E1F43D60259116DD00C08EBD /* LandmarkList.swift */ = {isa = PBXFileReference; lastKnownFileType = sourcecode.swift; path = LandmarkList.swift; sourceTree = "<group>"; };
/* End PBXFileReference section */

/* Begin PBXFrameworksBuildPhase section */
		E10896CE258FE83D005E7A0E /* Frameworks */ = {
			isa = PBXFrameworksBuildPhase;
			buildActionMask = 2147483647;
			files = (
			);
			runOnlyForDeploymentPostprocessing = 0;
		};
/* End PBXFrameworksBuildPhase section */

/* Begin PBXGroup section */
		E10896C8258FE83D005E7A0E = {
			isa = PBXGroup;
			children = (
				E10896D3258FE83D005E7A0E /* Landmarks */,
				E10896D2258FE83D005E7A0E /* Products */,
			);
			sourceTree = "<group>";
		};
		E10896D2258FE83D005E7A0E /* Products */ = {
			isa = PBXGroup;
			children = (
				E10896D1258FE83D005E7A0E /* Landmarks.app */,
			);
			name = Products;
			sourceTree = "<group>";
		};
		E10896D3258FE83D005E7A0E /* Landmarks */ = {
			isa = PBXGroup;
			children = (
				E10896D4258FE83D005E7A0E /* LandmarksApp.swift */,
				E1F43D5B259113CA00C08EBD /* Model */,
				E1F43D572591139700C08EBD /* Views */,
				E1F43D59259113AF00C08EBD /* Ressources */,
				E10896D8258FE83F005E7A0E /* Assets.xcassets */,
				E10896DD258FE83F005E7A0E /* Info.plist */,
				E10896DA258FE83F005E7A0E /* Preview Content */,
			);
			path = Landmarks;
			sourceTree = "<group>";
		};
		E10896DA258FE83F005E7A0E /* Preview Content */ = {
			isa = PBXGroup;
			children = (
				E10896DB258FE83F005E7A0E /* Preview Assets.xcassets */,
			);
			path = "Preview Content";
			sourceTree = "<group>";
		};
		E1F43D572591139700C08EBD /* Views */ = {
			isa = PBXGroup;
			children = (
				E10896D6258FE83D005E7A0E /* ContentView.swift */,
				E1F43D48258FF4D200C08EBD /* CircleImage.swift */,
				E1F43D4B258FF67C00C08EBD /* MapView.swift */,
				E1F43D5D259114A100C08EBD /* LandmarkRow.swift */,
				E1F43D60259116DD00C08EBD /* LandmarkList.swift */,
			);
			path = Views;
			sourceTree = "<group>";
		};
		E1F43D59259113AF00C08EBD /* Ressources */ = {
			isa = PBXGroup;
			children = (
				E1F43D4E259110C600C08EBD /* landmarkData.json */,
			);
			path = Ressources;
			sourceTree = "<group>";
		};
		E1F43D5B259113CA00C08EBD /* Model */ = {
			isa = PBXGroup;
			children = (
				E1F43D512591110100C08EBD /* Landmark.swift */,
				E1F43D542591132100C08EBD /* ModelData.swift */,
			);
			path = Model;
			sourceTree = "<group>";
		};
/* End PBXGroup section */

/* Begin PBXNativeTarget section */
		E10896D0258FE83D005E7A0E /* Landmarks */ = {
			isa = PBXNativeTarget;
			buildConfigurationList = E10896E0258FE83F005E7A0E /* Build configuration list for PBXNativeTarget "Landmarks" */;
			buildPhases = (
				E10896CD258FE83D005E7A0E /* Sources */,
				E10896CE258FE83D005E7A0E /* Frameworks */,
				E10896CF258FE83D005E7A0E /* Resources */,
			);
			buildRules = (
			);
			dependencies = (
			);
			name = Landmarks;
			productName = Landmarks;
			productReference = E10896D1258FE83D005E7A0E /* Landmarks.app */;
			productType = "com.apple.product-type.application";
		};
/* End PBXNativeTarget section */

/* Begin PBXProject section */
		E10896C9258FE83D005E7A0E /* Project object */ = {
			isa = PBXProject;
			attributes = {
				LastSwiftUpdateCheck = 1220;
				LastUpgradeCheck = 1220;
				TargetAttributes = {
					E10896D0258FE83D005E7A0E = {
						CreatedOnToolsVersion = 12.2;
					};
				};
			};
			buildConfigurationList = E10896CC258FE83D005E7A0E /* Build configuration list for PBXProject "Landmarks" */;
			compatibilityVersion = "Xcode 9.3";
			developmentRegion = en;
			hasScannedForEncodings = 0;
			knownRegions = (
				en,
				Base,
			);
			mainGroup = E10896C8258FE83D005E7A0E;
			productRefGroup = E10896D2258FE83D005E7A0E /* Products */;
			projectDirPath = "";
			projectRoot = "";
			targets = (
				E10896D0258FE83D005E7A0E /* Landmarks */,
			);
		};
/* End PBXProject section */

/* Begin PBXResourcesBuildPhase section */
		E10896CF258FE83D005E7A0E /* Resources */ = {
			isa = PBXResourcesBuildPhase;
			buildActionMask = 2147483647;
			files = (
				E10896DC258FE83F005E7A0E /* Preview Assets.xcassets in Resources */,
				E10896D9258FE83F005E7A0E /* Assets.xcassets in Resources */,
				E1F43D4F259110C600C08EBD /* landmarkData.json in Resources */,
			);
			runOnlyForDeploymentPostprocessing = 0;
		};
/* End PBXResourcesBuildPhase section */

/* Begin PBXSourcesBuildPhase section */
		E10896CD258FE83D005E7A0E /* Sources */ = {
			isa = PBXSourcesBuildPhase;
			buildActionMask = 2147483647;
			files = (
				E10896D7258FE83D005E7A0E /* ContentView.swift in Sources */,
				E1F43D4C258FF67C00C08EBD /* MapView.swift in Sources */,
				E10896D5258FE83D005E7A0E /* LandmarksApp.swift in Sources */,
				E1F43D61259116DD00C08EBD /* LandmarkList.swift in Sources */,
				E1F43D49258FF4D200C08EBD /* CircleImage.swift in Sources */,
				E1F43D522591110100C08EBD /* Landmark.swift in Sources */,
				E1F43D5E259114A100C08EBD /* LandmarkRow.swift in Sources */,
				E1F43D552591132100C08EBD /* ModelData.swift in Sources */,
			);
			runOnlyForDeploymentPostprocessing = 0;
		};
/* End PBXSourcesBuildPhase section */

/* Begin XCBuildConfiguration section */
		E10896DE258FE83F005E7A0E /* Debug */ = {
			isa = XCBuildConfiguration;
			buildSettings = {
				ALWAYS_SEARCH_USER_PATHS = NO;
				CLANG_ANALYZER_NONNULL = YES;
				CLANG_ANALYZER_NUMBER_OBJECT_CONVERSION = YES_AGGRESSIVE;
				CLANG_CXX_LANGUAGE_STANDARD = "gnu++14";
				CLANG_CXX_LIBRARY = "libc++";
				CLANG_ENABLE_MODULES = YES;
				CLANG_ENABLE_OBJC_ARC = YES;
				CLANG_ENABLE_OBJC_WEAK = YES;
				CLANG_WARN_BLOCK_CAPTURE_AUTORELEASING = YES;
				CLANG_WARN_BOOL_CONVERSION = YES;
				CLANG_WARN_COMMA = YES;
				CLANG_WARN_CONSTANT_CONVERSION = YES;
				CLANG_WARN_DEPRECATED_OBJC_IMPLEMENTATIONS = YES;
				CLANG_WARN_DIRECT_OBJC_ISA_USAGE = YES_ERROR;
				CLANG_WARN_DOCUMENTATION_COMMENTS = YES;
				CLANG_WARN_EMPTY_BODY = YES;
				CLANG_WARN_ENUM_CONVERSION = YES;
				CLANG_WARN_INFINITE_RECURSION = YES;
				CLANG_WARN_INT_CONVERSION = YES;
				CLANG_WARN_NON_LITERAL_NULL_CONVERSION = YES;
				CLANG_WARN_OBJC_IMPLICIT_RETAIN_SELF = YES;
				CLANG_WARN_OBJC_LITERAL_CONVERSION = YES;
				CLANG_WARN_OBJC_ROOT_CLASS = YES_ERROR;
				CLANG_WARN_QUOTED_INCLUDE_IN_FRAMEWORK_HEADER = YES;
				CLANG_WARN_RANGE_LOOP_ANALYSIS = YES;
				CLANG_WARN_STRICT_PROTOTYPES = YES;
				CLANG_WARN_SUSPICIOUS_MOVE = YES;
				CLANG_WARN_UNGUARDED_AVAILABILITY = YES_AGGRESSIVE;
				CLANG_WARN_UNREACHABLE_CODE = YES;
				CLANG_WARN__DUPLICATE_METHOD_MATCH = YES;
				COPY_PHASE_STRIP = NO;
				DEBUG_INFORMATION_FORMAT = dwarf;
				ENABLE_STRICT_OBJC_MSGSEND = YES;
				ENABLE_TESTABILITY = YES;
				GCC_C_LANGUAGE_STANDARD = gnu11;
				GCC_DYNAMIC_NO_PIC = NO;
				GCC_NO_COMMON_BLOCKS = YES;
				GCC_OPTIMIZATION_LEVEL = 0;
				GCC_PREPROCESSOR_DEFINITIONS = (
					"DEBUG=1",
					"$(inherited)",
				);
				GCC_WARN_64_TO_32_BIT_CONVERSION = YES;
				GCC_WARN_ABOUT_RETURN_TYPE = YES_ERROR;
				GCC_WARN_UNDECLARED_SELECTOR = YES;
				GCC_WARN_UNINITIALIZED_AUTOS = YES_AGGRESSIVE;
				GCC_WARN_UNUSED_FUNCTION = YES;
				GCC_WARN_UNUSED_VARIABLE = YES;
				IPHONEOS_DEPLOYMENT_TARGET = 14.2;
				MTL_ENABLE_DEBUG_INFO = INCLUDE_SOURCE;
				MTL_FAST_MATH = YES;
				ONLY_ACTIVE_ARCH = YES;
				SDKROOT = iphoneos;
				SWIFT_ACTIVE_COMPILATION_CONDITIONS = DEBUG;
				SWIFT_OPTIMIZATION_LEVEL = "-Onone";
			};
			name = Debug;
		};
		E10896DF258FE83F005E7A0E /* Release */ = {
			isa = XCBuildConfiguration;
			buildSettings = {
				ALWAYS_SEARCH_USER_PATHS = NO;
				CLANG_ANALYZER_NONNULL = YES;
				CLANG_ANALYZER_NUMBER_OBJECT_CONVERSION = YES_AGGRESSIVE;
				CLANG_CXX_LANGUAGE_STANDARD = "gnu++14";
				CLANG_CXX_LIBRARY = "libc++";
				CLANG_ENABLE_MODULES = YES;
				CLANG_ENABLE_OBJC_ARC = YES;
				CLANG_ENABLE_OBJC_WEAK = YES;
				CLANG_WARN_BLOCK_CAPTURE_AUTORELEASING = YES;
				CLANG_WARN_BOOL_CONVERSION = YES;
				CLANG_WARN_COMMA = YES;
				CLANG_WARN_CONSTANT_CONVERSION = YES;
				CLANG_WARN_DEPRECATED_OBJC_IMPLEMENTATIONS = YES;
				CLANG_WARN_DIRECT_OBJC_ISA_USAGE = YES_ERROR;
				CLANG_WARN_DOCUMENTATION_COMMENTS = YES;
				CLANG_WARN_EMPTY_BODY = YES;
				CLANG_WARN_ENUM_CONVERSION = YES;
				CLANG_WARN_INFINITE_RECURSION = YES;
				CLANG_WARN_INT_CONVERSION = YES;
				CLANG_WARN_NON_LITERAL_NULL_CONVERSION = YES;
				CLANG_WARN_OBJC_IMPLICIT_RETAIN_SELF = YES;
				CLANG_WARN_OBJC_LITERAL_CONVERSION = YES;
				CLANG_WARN_OBJC_ROOT_CLASS = YES_ERROR;
				CLANG_WARN_QUOTED_INCLUDE_IN_FRAMEWORK_HEADER = YES;
				CLANG_WARN_RANGE_LOOP_ANALYSIS = YES;
				CLANG_WARN_STRICT_PROTOTYPES = YES;
				CLANG_WARN_SUSPICIOUS_MOVE = YES;
				CLANG_WARN_UNGUARDED_AVAILABILITY = YES_AGGRESSIVE;
				CLANG_WARN_UNREACHABLE_CODE = YES;
				CLANG_WARN__DUPLICATE_METHOD_MATCH = YES;
				COPY_PHASE_STRIP = NO;
				DEBUG_INFORMATION_FORMAT = "dwarf-with-dsym";
				ENABLE_NS_ASSERTIONS = NO;
				ENABLE_STRICT_OBJC_MSGSEND = YES;
				GCC_C_LANGUAGE_STANDARD = gnu11;
				GCC_NO_COMMON_BLOCKS = YES;
				GCC_WARN_64_TO_32_BIT_CONVERSION = YES;
				GCC_WARN_ABOUT_RETURN_TYPE = YES_ERROR;
				GCC_WARN_UNDECLARED_SELECTOR = YES;
				GCC_WARN_UNINITIALIZED_AUTOS = YES_AGGRESSIVE;
				GCC_WARN_UNUSED_FUNCTION = YES;
				GCC_WARN_UNUSED_VARIABLE = YES;
				IPHONEOS_DEPLOYMENT_TARGET = 14.2;
				MTL_ENABLE_DEBUG_INFO = NO;
				MTL_FAST_MATH = YES;
				SDKROOT = iphoneos;
				SWIFT_COMPILATION_MODE = wholemodule;
				SWIFT_OPTIMIZATION_LEVEL = "-O";
				VALIDATE_PRODUCT = YES;
			};
			name = Release;
		};
		E10896E1258FE83F005E7A0E /* Debug */ = {
			isa = XCBuildConfiguration;
			buildSettings = {
				ASSETCATALOG_COMPILER_APPICON_NAME = AppIcon;
				ASSETCATALOG_COMPILER_GLOBAL_ACCENT_COLOR_NAME = AccentColor;
				CODE_SIGN_STYLE = Automatic;
				DEVELOPMENT_ASSET_PATHS = "\"Landmarks/Preview Content\"";
				DEVELOPMENT_TEAM = 7K2HLWAMJ8;
				ENABLE_PREVIEWS = YES;
				INFOPLIST_FILE = Landmarks/Info.plist;
				IPHONEOS_DEPLOYMENT_TARGET = 14.0;
				LD_RUNPATH_SEARCH_PATHS = (
					"$(inherited)",
					"@executable_path/Frameworks",
				);
				PRODUCT_BUNDLE_IDENTIFIER = eu.plagens.Landmarks;
				PRODUCT_NAME = "$(TARGET_NAME)";
				SWIFT_VERSION = 5.0;
				TARGETED_DEVICE_FAMILY = "1,2";
			};
			name = Debug;
		};
		E10896E2258FE83F005E7A0E /* Release */ = {
			isa = XCBuildConfiguration;
			buildSettings = {
				ASSETCATALOG_COMPILER_APPICON_NAME = AppIcon;
				ASSETCATALOG_COMPILER_GLOBAL_ACCENT_COLOR_NAME = AccentColor;
				CODE_SIGN_STYLE = Automatic;
				DEVELOPMENT_ASSET_PATHS = "\"Landmarks/Preview Content\"";
				DEVELOPMENT_TEAM = 7K2HLWAMJ8;
				ENABLE_PREVIEWS = YES;
				INFOPLIST_FILE = Landmarks/Info.plist;
				IPHONEOS_DEPLOYMENT_TARGET = 14.0;
				LD_RUNPATH_SEARCH_PATHS = (
					"$(inherited)",
					"@executable_path/Frameworks",
				);
				PRODUCT_BUNDLE_IDENTIFIER = eu.plagens.Landmarks;
				PRODUCT_NAME = "$(TARGET_NAME)";
				SWIFT_VERSION = 5.0;
				TARGETED_DEVICE_FAMILY = "1,2";
			};
			name = Release;
		};
/* End XCBuildConfiguration section */

/* Begin XCConfigurationList section */
		E10896CC258FE83D005E7A0E /* Build configuration list for PBXProject "Landmarks" */ = {
			isa = XCConfigurationList;
			buildConfigurations = (
				E10896DE258FE83F005E7A0E /* Debug */,
				E10896DF258FE83F005E7A0E /* Release */,
			);
			defaultConfigurationIsVisible = 0;
			defaultConfigurationName = Release;
		};
		E10896E0258FE83F005E7A0E /* Build configuration list for PBXNativeTarget "Landmarks" */ = {
			isa = XCConfigurationList;
			buildConfigurations = (
				E10896E1258FE83F005E7A0E /* Debug */,
				E10896E2258FE83F005E7A0E /* Release */,
			);
			defaultConfigurationIsVisible = 0;
			defaultConfigurationName = Release;
		};
/* End XCConfigurationList section */
	};
	rootObject = E10896C9258FE83D005E7A0E /* Project object */;
}
