// !$*UTF8*$!
{
	archiveVersion = 1;
	classes = {
	};
	objectVersion = 50;
	objects = {

/* Begin PBXBuildFile section */
		E10896D5258FE83D005E7A0E /* LandmarksApp.swift in Sources */ = {isa = PBXBuildFile; fileRef = E10896D4258FE83D005E7A0E /* LandmarksApp.swift */; };
		E10896D9258FE83F005E7A0E /* Assets.xcassets in Resources */ = {isa = PBXBuildFile; fileRef = E10896D8258FE83F005E7A0E /* Assets.xcassets */; };
		E10896DC258FE83F005E7A0E /* Preview Assets.xcassets in Resources */ = {isa = PBXBuildFile; fileRef = E10896DB258FE83F005E7A0E /* Preview Assets.xcassets */; };
		E109AE582722D21F00124784 /* FeatureCard.swift in Sources */ = {isa = PBXBuildFile; fileRef = E109AE572722D21F00124784 /* FeatureCard.swift */; };
		E113E1C925ED83A100364D0F /* FavoriteButton.swift in Sources */ = {isa = PBXBuildFile; fileRef = E113E1C825ED83A100364D0F /* FavoriteButton.swift */; };
		E13F78BD26255ED5007A91F4 /* PageViewController.swift in Sources */ = {isa = PBXBuildFile; fileRef = E13F78BC26255ED5007A91F4 /* PageViewController.swift */; };
		E16CE36A2722D4BD0030CE4B /* PageView.swift in Sources */ = {isa = PBXBuildFile; fileRef = E16CE3692722D4BD0030CE4B /* PageView.swift */; };
		E16CE36C2722DEC30030CE4B /* PageControl.swift in Sources */ = {isa = PBXBuildFile; fileRef = E16CE36B2722DEC30030CE4B /* PageControl.swift */; };
		E16CE3722722F08B0030CE4B /* Assets.xcassets in Resources */ = {isa = PBXBuildFile; fileRef = E16CE3712722F08B0030CE4B /* Assets.xcassets */; };
		E16CE3782722F08B0030CE4B /* WatchLandmarks WatchKit Extension.appex in Embed App Extensions */ = {isa = PBXBuildFile; fileRef = E16CE3772722F08B0030CE4B /* WatchLandmarks WatchKit Extension.appex */; settings = {ATTRIBUTES = (RemoveHeadersOnCopy, ); }; };
		E16CE37F2722F08B0030CE4B /* ContentView.swift in Sources */ = {isa = PBXBuildFile; fileRef = E16CE37E2722F08B0030CE4B /* ContentView.swift */; };
		E16CE3812722F08B0030CE4B /* NotificationController.swift in Sources */ = {isa = PBXBuildFile; fileRef = E16CE3802722F08B0030CE4B /* NotificationController.swift */; };
		E16CE3832722F08B0030CE4B /* NotificationView.swift in Sources */ = {isa = PBXBuildFile; fileRef = E16CE3822722F08B0030CE4B /* NotificationView.swift */; };
		E16CE3852722F08B0030CE4B /* ComplicationController.swift in Sources */ = {isa = PBXBuildFile; fileRef = E16CE3842722F08B0030CE4B /* ComplicationController.swift */; };
		E16CE3872722F08C0030CE4B /* Assets.xcassets in Resources */ = {isa = PBXBuildFile; fileRef = E16CE3862722F08C0030CE4B /* Assets.xcassets */; };
		E16CE38A2722F08C0030CE4B /* Preview Assets.xcassets in Resources */ = {isa = PBXBuildFile; fileRef = E16CE3892722F08C0030CE4B /* Preview Assets.xcassets */; };
		E16CE38F2722F08C0030CE4B /* WatchLandmarks.app in Embed Watch Content */ = {isa = PBXBuildFile; fileRef = E16CE36F2722F0880030CE4B /* WatchLandmarks.app */; settings = {ATTRIBUTES = (RemoveHeadersOnCopy, ); }; };
		E16CE3982722F2950030CE4B /* LandmarkRow.swift in Sources */ = {isa = PBXBuildFile; fileRef = E1F43D5D259114A100C08EBD /* LandmarkRow.swift */; };
		E16CE3992722F2950030CE4B /* Assets.xcassets in Resources */ = {isa = PBXBuildFile; fileRef = E10896D8258FE83F005E7A0E /* Assets.xcassets */; };
		E16CE39A2722F2950030CE4B /* ModelData.swift in Sources */ = {isa = PBXBuildFile; fileRef = E1F43D542591132100C08EBD /* ModelData.swift */; };
		E16CE39B2722F2950030CE4B /* Hike.swift in Sources */ = {isa = PBXBuildFile; fileRef = E18E160A262470C000469D9B /* Hike.swift */; };
		E16CE39C2722F2950030CE4B /* LandmarkList.swift in Sources */ = {isa = PBXBuildFile; fileRef = E1F43D60259116DD00C08EBD /* LandmarkList.swift */; };
		E16CE39D2722F2950030CE4B /* Landmark.swift in Sources */ = {isa = PBXBuildFile; fileRef = E1F43D512591110100C08EBD /* Landmark.swift */; };
		E16CE39E2722F2950030CE4B /* MapView.swift in Sources */ = {isa = PBXBuildFile; fileRef = E1F43D4B258FF67C00C08EBD /* MapView.swift */; };
		E16CE39F2722F2950030CE4B /* CircleImage.swift in Sources */ = {isa = PBXBuildFile; fileRef = E1F43D48258FF4D200C08EBD /* CircleImage.swift */; };
		E16CE3A02722F2950030CE4B /* LandmarksApp.swift in Sources */ = {isa = PBXBuildFile; fileRef = E10896D4258FE83D005E7A0E /* LandmarksApp.swift */; };
		E16CE3A12722F2950030CE4B /* Profile.swift in Sources */ = {isa = PBXBuildFile; fileRef = E18E162B2624A3B100469D9B /* Profile.swift */; };
		E16CE3A32722F3440030CE4B /* LandmarkDetail.swift in Sources */ = {isa = PBXBuildFile; fileRef = E16CE3A22722F3440030CE4B /* LandmarkDetail.swift */; };
		E16CE3A42722F6010030CE4B /* landmarkData.json in Resources */ = {isa = PBXBuildFile; fileRef = E1F43D4E259110C600C08EBD /* landmarkData.json */; };
		E16CE3A52722F6180030CE4B /* hikeData.json in Resources */ = {isa = PBXBuildFile; fileRef = E18E16072624709700469D9B /* hikeData.json */; };
		E18E15F6262445BB00469D9B /* HexagonParameters.swift in Sources */ = {isa = PBXBuildFile; fileRef = E18E15F5262445BB00469D9B /* HexagonParameters.swift */; };
		E18E15F92624492900469D9B /* BadgeBackground.swift in Sources */ = {isa = PBXBuildFile; fileRef = E18E15F82624492900469D9B /* BadgeBackground.swift */; };
		E18E15FD2624521100469D9B /* BadgeSymbol.swift in Sources */ = {isa = PBXBuildFile; fileRef = E18E15FC2624521100469D9B /* BadgeSymbol.swift */; };
		E18E1600262452A500469D9B /* RotatedBadgeSymbol.swift in Sources */ = {isa = PBXBuildFile; fileRef = E18E15FF262452A500469D9B /* RotatedBadgeSymbol.swift */; };
		E18E1603262453C900469D9B /* Badge.swift in Sources */ = {isa = PBXBuildFile; fileRef = E18E1602262453C900469D9B /* Badge.swift */; };
		E18E16082624709700469D9B /* hikeData.json in Resources */ = {isa = PBXBuildFile; fileRef = E18E16072624709700469D9B /* hikeData.json */; };
		E18E160B262470C000469D9B /* Hike.swift in Sources */ = {isa = PBXBuildFile; fileRef = E18E160A262470C000469D9B /* Hike.swift */; };
		E18E16162624724D00469D9B /* GraphCapsule.swift in Sources */ = {isa = PBXBuildFile; fileRef = E18E16122624724D00469D9B /* GraphCapsule.swift */; };
		E18E16172624724D00469D9B /* HikeGraph.swift in Sources */ = {isa = PBXBuildFile; fileRef = E18E16132624724D00469D9B /* HikeGraph.swift */; };
		E18E16182624724D00469D9B /* HikeDetail.swift in Sources */ = {isa = PBXBuildFile; fileRef = E18E16142624724D00469D9B /* HikeDetail.swift */; };
		E18E16192624724D00469D9B /* HikeView.swift in Sources */ = {isa = PBXBuildFile; fileRef = E18E16152624724D00469D9B /* HikeView.swift */; };
		E18E161D262487DD00469D9B /* CategoryHome.swift in Sources */ = {isa = PBXBuildFile; fileRef = E18E161C262487DD00469D9B /* CategoryHome.swift */; };
		E18E162026248CD600469D9B /* CategoryRow.swift in Sources */ = {isa = PBXBuildFile; fileRef = E18E161F26248CD600469D9B /* CategoryRow.swift */; };
		E18E16232624975400469D9B /* CategoryItem.swift in Sources */ = {isa = PBXBuildFile; fileRef = E18E16222624975400469D9B /* CategoryItem.swift */; };
		E18E162926249C8000469D9B /* ContentView.swift in Sources */ = {isa = PBXBuildFile; fileRef = E10896D6258FE83D005E7A0E /* ContentView.swift */; };
		E18E162C2624A3B100469D9B /* Profile.swift in Sources */ = {isa = PBXBuildFile; fileRef = E18E162B2624A3B100469D9B /* Profile.swift */; };
		E18E16302624A40400469D9B /* ProfileHost.swift in Sources */ = {isa = PBXBuildFile; fileRef = E18E162F2624A40400469D9B /* ProfileHost.swift */; };
		E18E16332624A45300469D9B /* ProfileSummary.swift in Sources */ = {isa = PBXBuildFile; fileRef = E18E16322624A45300469D9B /* ProfileSummary.swift */; };
		E18E16362624A54900469D9B /* HikeBadge.swift in Sources */ = {isa = PBXBuildFile; fileRef = E18E16352624A54900469D9B /* HikeBadge.swift */; };
		E18E16392624AB5200469D9B /* ProfileEditor.swift in Sources */ = {isa = PBXBuildFile; fileRef = E18E16382624AB5200469D9B /* ProfileEditor.swift */; };
		E1F43D49258FF4D200C08EBD /* CircleImage.swift in Sources */ = {isa = PBXBuildFile; fileRef = E1F43D48258FF4D200C08EBD /* CircleImage.swift */; };
		E1F43D4C258FF67C00C08EBD /* MapView.swift in Sources */ = {isa = PBXBuildFile; fileRef = E1F43D4B258FF67C00C08EBD /* MapView.swift */; };
		E1F43D4F259110C600C08EBD /* landmarkData.json in Resources */ = {isa = PBXBuildFile; fileRef = E1F43D4E259110C600C08EBD /* landmarkData.json */; };
		E1F43D522591110100C08EBD /* Landmark.swift in Sources */ = {isa = PBXBuildFile; fileRef = E1F43D512591110100C08EBD /* Landmark.swift */; };
		E1F43D552591132100C08EBD /* ModelData.swift in Sources */ = {isa = PBXBuildFile; fileRef = E1F43D542591132100C08EBD /* ModelData.swift */; };
		E1F43D5E259114A100C08EBD /* LandmarkRow.swift in Sources */ = {isa = PBXBuildFile; fileRef = E1F43D5D259114A100C08EBD /* LandmarkRow.swift */; };
		E1F43D61259116DD00C08EBD /* LandmarkList.swift in Sources */ = {isa = PBXBuildFile; fileRef = E1F43D60259116DD00C08EBD /* LandmarkList.swift */; };
		E1F43D642591483400C08EBD /* LandmarkDetail.swift in Sources */ = {isa = PBXBuildFile; fileRef = E1F43D632591483400C08EBD /* LandmarkDetail.swift */; };
/* End PBXBuildFile section */

/* Begin PBXContainerItemProxy section */
		E16CE3792722F08B0030CE4B /* PBXContainerItemProxy */ = {
			isa = PBXContainerItemProxy;
			containerPortal = E10896C9258FE83D005E7A0E /* Project object */;
			proxyType = 1;
			remoteGlobalIDString = E16CE3762722F08B0030CE4B;
			remoteInfo = "WatchLandmarks WatchKit Extension";
		};
		E16CE38D2722F08C0030CE4B /* PBXContainerItemProxy */ = {
			isa = PBXContainerItemProxy;
			containerPortal = E10896C9258FE83D005E7A0E /* Project object */;
			proxyType = 1;
			remoteGlobalIDString = E16CE36E2722F0880030CE4B;
			remoteInfo = WatchLandmarks;
		};
/* End PBXContainerItemProxy section */

/* Begin PBXCopyFilesBuildPhase section */
		E16CE3932722F08C0030CE4B /* Embed App Extensions */ = {
			isa = PBXCopyFilesBuildPhase;
			buildActionMask = 2147483647;
			dstPath = "";
			dstSubfolderSpec = 13;
			files = (
				E16CE3782722F08B0030CE4B /* WatchLandmarks WatchKit Extension.appex in Embed App Extensions */,
			);
			name = "Embed App Extensions";
			runOnlyForDeploymentPostprocessing = 0;
		};
		E16CE3972722F08C0030CE4B /* Embed Watch Content */ = {
			isa = PBXCopyFilesBuildPhase;
			buildActionMask = 2147483647;
			dstPath = "$(CONTENTS_FOLDER_PATH)/Watch";
			dstSubfolderSpec = 16;
			files = (
				E16CE38F2722F08C0030CE4B /* WatchLandmarks.app in Embed Watch Content */,
			);
			name = "Embed Watch Content";
			runOnlyForDeploymentPostprocessing = 0;
		};
/* End PBXCopyFilesBuildPhase section */

/* Begin PBXFileReference section */
		E10896D1258FE83D005E7A0E /* Landmarks.app */ = {isa = PBXFileReference; explicitFileType = wrapper.application; includeInIndex = 0; path = Landmarks.app; sourceTree = BUILT_PRODUCTS_DIR; };
		E10896D4258FE83D005E7A0E /* LandmarksApp.swift */ = {isa = PBXFileReference; lastKnownFileType = sourcecode.swift; path = LandmarksApp.swift; sourceTree = "<group>"; };
		E10896D6258FE83D005E7A0E /* ContentView.swift */ = {isa = PBXFileReference; lastKnownFileType = sourcecode.swift; path = ContentView.swift; sourceTree = "<group>"; };
		E10896D8258FE83F005E7A0E /* Assets.xcassets */ = {isa = PBXFileReference; lastKnownFileType = folder.assetcatalog; path = Assets.xcassets; sourceTree = "<group>"; };
		E10896DB258FE83F005E7A0E /* Preview Assets.xcassets */ = {isa = PBXFileReference; lastKnownFileType = folder.assetcatalog; path = "Preview Assets.xcassets"; sourceTree = "<group>"; };
		E10896DD258FE83F005E7A0E /* Info.plist */ = {isa = PBXFileReference; lastKnownFileType = text.plist.xml; path = Info.plist; sourceTree = "<group>"; };
		E109AE572722D21F00124784 /* FeatureCard.swift */ = {isa = PBXFileReference; lastKnownFileType = sourcecode.swift; path = FeatureCard.swift; sourceTree = "<group>"; };
		E113E1C825ED83A100364D0F /* FavoriteButton.swift */ = {isa = PBXFileReference; lastKnownFileType = sourcecode.swift; path = FavoriteButton.swift; sourceTree = "<group>"; };
		E13F78BC26255ED5007A91F4 /* PageViewController.swift */ = {isa = PBXFileReference; lastKnownFileType = sourcecode.swift; path = PageViewController.swift; sourceTree = "<group>"; };
		E16CE3692722D4BD0030CE4B /* PageView.swift */ = {isa = PBXFileReference; lastKnownFileType = sourcecode.swift; path = PageView.swift; sourceTree = "<group>"; };
		E16CE36B2722DEC30030CE4B /* PageControl.swift */ = {isa = PBXFileReference; lastKnownFileType = sourcecode.swift; path = PageControl.swift; sourceTree = "<group>"; };
		E16CE36F2722F0880030CE4B /* WatchLandmarks.app */ = {isa = PBXFileReference; explicitFileType = wrapper.application; includeInIndex = 0; path = WatchLandmarks.app; sourceTree = BUILT_PRODUCTS_DIR; };
		E16CE3712722F08B0030CE4B /* Assets.xcassets */ = {isa = PBXFileReference; lastKnownFileType = folder.assetcatalog; path = Assets.xcassets; sourceTree = "<group>"; };
		E16CE3772722F08B0030CE4B /* WatchLandmarks WatchKit Extension.appex */ = {isa = PBXFileReference; explicitFileType = "wrapper.app-extension"; includeInIndex = 0; path = "WatchLandmarks WatchKit Extension.appex"; sourceTree = BUILT_PRODUCTS_DIR; };
		E16CE37E2722F08B0030CE4B /* ContentView.swift */ = {isa = PBXFileReference; lastKnownFileType = sourcecode.swift; path = ContentView.swift; sourceTree = "<group>"; };
		E16CE3802722F08B0030CE4B /* NotificationController.swift */ = {isa = PBXFileReference; lastKnownFileType = sourcecode.swift; path = NotificationController.swift; sourceTree = "<group>"; };
		E16CE3822722F08B0030CE4B /* NotificationView.swift */ = {isa = PBXFileReference; lastKnownFileType = sourcecode.swift; path = NotificationView.swift; sourceTree = "<group>"; };
		E16CE3842722F08B0030CE4B /* ComplicationController.swift */ = {isa = PBXFileReference; lastKnownFileType = sourcecode.swift; path = ComplicationController.swift; sourceTree = "<group>"; };
		E16CE3862722F08C0030CE4B /* Assets.xcassets */ = {isa = PBXFileReference; lastKnownFileType = folder.assetcatalog; path = Assets.xcassets; sourceTree = "<group>"; };
		E16CE3892722F08C0030CE4B /* Preview Assets.xcassets */ = {isa = PBXFileReference; lastKnownFileType = folder.assetcatalog; path = "Preview Assets.xcassets"; sourceTree = "<group>"; };
		E16CE38B2722F08C0030CE4B /* Info.plist */ = {isa = PBXFileReference; lastKnownFileType = text.plist.xml; path = Info.plist; sourceTree = "<group>"; };
		E16CE38C2722F08C0030CE4B /* PushNotificationPayload.apns */ = {isa = PBXFileReference; lastKnownFileType = text; path = PushNotificationPayload.apns; sourceTree = "<group>"; };
		E16CE3A22722F3440030CE4B /* LandmarkDetail.swift */ = {isa = PBXFileReference; lastKnownFileType = sourcecode.swift; path = LandmarkDetail.swift; sourceTree = "<group>"; };
		E18E15F5262445BB00469D9B /* HexagonParameters.swift */ = {isa = PBXFileReference; lastKnownFileType = sourcecode.swift; path = HexagonParameters.swift; sourceTree = "<group>"; };
		E18E15F82624492900469D9B /* BadgeBackground.swift */ = {isa = PBXFileReference; lastKnownFileType = sourcecode.swift; path = BadgeBackground.swift; sourceTree = "<group>"; };
		E18E15FC2624521100469D9B /* BadgeSymbol.swift */ = {isa = PBXFileReference; lastKnownFileType = sourcecode.swift; path = BadgeSymbol.swift; sourceTree = "<group>"; };
		E18E15FF262452A500469D9B /* RotatedBadgeSymbol.swift */ = {isa = PBXFileReference; lastKnownFileType = sourcecode.swift; path = RotatedBadgeSymbol.swift; sourceTree = "<group>"; };
		E18E1602262453C900469D9B /* Badge.swift */ = {isa = PBXFileReference; lastKnownFileType = sourcecode.swift; path = Badge.swift; sourceTree = "<group>"; };
		E18E16072624709700469D9B /* hikeData.json */ = {isa = PBXFileReference; fileEncoding = 4; lastKnownFileType = text.json; path = hikeData.json; sourceTree = "<group>"; };
		E18E160A262470C000469D9B /* Hike.swift */ = {isa = PBXFileReference; lastKnownFileType = sourcecode.swift; path = Hike.swift; sourceTree = "<group>"; };
		E18E16122624724D00469D9B /* GraphCapsule.swift */ = {isa = PBXFileReference; fileEncoding = 4; lastKnownFileType = sourcecode.swift; path = GraphCapsule.swift; sourceTree = "<group>"; };
		E18E16132624724D00469D9B /* HikeGraph.swift */ = {isa = PBXFileReference; fileEncoding = 4; lastKnownFileType = sourcecode.swift; path = HikeGraph.swift; sourceTree = "<group>"; };
		E18E16142624724D00469D9B /* HikeDetail.swift */ = {isa = PBXFileReference; fileEncoding = 4; lastKnownFileType = sourcecode.swift; path = HikeDetail.swift; sourceTree = "<group>"; };
		E18E16152624724D00469D9B /* HikeView.swift */ = {isa = PBXFileReference; fileEncoding = 4; lastKnownFileType = sourcecode.swift; path = HikeView.swift; sourceTree = "<group>"; };
		E18E161C262487DD00469D9B /* CategoryHome.swift */ = {isa = PBXFileReference; lastKnownFileType = sourcecode.swift; path = CategoryHome.swift; sourceTree = "<group>"; };
		E18E161F26248CD600469D9B /* CategoryRow.swift */ = {isa = PBXFileReference; lastKnownFileType = sourcecode.swift; path = CategoryRow.swift; sourceTree = "<group>"; };
		E18E16222624975400469D9B /* CategoryItem.swift */ = {isa = PBXFileReference; lastKnownFileType = sourcecode.swift; path = CategoryItem.swift; sourceTree = "<group>"; };
		E18E162B2624A3B100469D9B /* Profile.swift */ = {isa = PBXFileReference; lastKnownFileType = sourcecode.swift; path = Profile.swift; sourceTree = "<group>"; };
		E18E162F2624A40400469D9B /* ProfileHost.swift */ = {isa = PBXFileReference; lastKnownFileType = sourcecode.swift; path = ProfileHost.swift; sourceTree = "<group>"; };
		E18E16322624A45300469D9B /* ProfileSummary.swift */ = {isa = PBXFileReference; lastKnownFileType = sourcecode.swift; path = ProfileSummary.swift; sourceTree = "<group>"; };
		E18E16352624A54900469D9B /* HikeBadge.swift */ = {isa = PBXFileReference; lastKnownFileType = sourcecode.swift; path = HikeBadge.swift; sourceTree = "<group>"; };
		E18E16382624AB5200469D9B /* ProfileEditor.swift */ = {isa = PBXFileReference; lastKnownFileType = sourcecode.swift; path = ProfileEditor.swift; sourceTree = "<group>"; };
		E1F43D48258FF4D200C08EBD /* CircleImage.swift */ = {isa = PBXFileReference; lastKnownFileType = sourcecode.swift; path = CircleImage.swift; sourceTree = "<group>"; };
		E1F43D4B258FF67C00C08EBD /* MapView.swift */ = {isa = PBXFileReference; lastKnownFileType = sourcecode.swift; path = MapView.swift; sourceTree = "<group>"; };
		E1F43D4E259110C600C08EBD /* landmarkData.json */ = {isa = PBXFileReference; fileEncoding = 4; lastKnownFileType = text.json; path = landmarkData.json; sourceTree = "<group>"; };
		E1F43D512591110100C08EBD /* Landmark.swift */ = {isa = PBXFileReference; lastKnownFileType = sourcecode.swift; path = Landmark.swift; sourceTree = "<group>"; };
		E1F43D542591132100C08EBD /* ModelData.swift */ = {isa = PBXFileReference; lastKnownFileType = sourcecode.swift; path = ModelData.swift; sourceTree = "<group>"; };
		E1F43D5D259114A100C08EBD /* LandmarkRow.swift */ = {isa = PBXFileReference; lastKnownFileType = sourcecode.swift; path = LandmarkRow.swift; sourceTree = "<group>"; };
		E1F43D60259116DD00C08EBD /* LandmarkList.swift */ = {isa = PBXFileReference; lastKnownFileType = sourcecode.swift; path = LandmarkList.swift; sourceTree = "<group>"; };
		E1F43D632591483400C08EBD /* LandmarkDetail.swift */ = {isa = PBXFileReference; lastKnownFileType = sourcecode.swift; path = LandmarkDetail.swift; sourceTree = "<group>"; };
/* End PBXFileReference section */

/* Begin PBXFrameworksBuildPhase section */
		E10896CE258FE83D005E7A0E /* Frameworks */ = {
			isa = PBXFrameworksBuildPhase;
			buildActionMask = 2147483647;
			files = (
			);
			runOnlyForDeploymentPostprocessing = 0;
		};
		E16CE3742722F08B0030CE4B /* Frameworks */ = {
			isa = PBXFrameworksBuildPhase;
			buildActionMask = 2147483647;
			files = (
			);
			runOnlyForDeploymentPostprocessing = 0;
		};
/* End PBXFrameworksBuildPhase section */

/* Begin PBXGroup section */
		E10896C8258FE83D005E7A0E = {
			isa = PBXGroup;
			children = (
				E10896D3258FE83D005E7A0E /* Landmarks */,
				E16CE3702722F0880030CE4B /* WatchLandmarks */,
				E16CE37B2722F08B0030CE4B /* WatchLandmarks WatchKit Extension */,
				E10896D2258FE83D005E7A0E /* Products */,
			);
			sourceTree = "<group>";
		};
		E10896D2258FE83D005E7A0E /* Products */ = {
			isa = PBXGroup;
			children = (
				E10896D1258FE83D005E7A0E /* Landmarks.app */,
				E16CE36F2722F0880030CE4B /* WatchLandmarks.app */,
				E16CE3772722F08B0030CE4B /* WatchLandmarks WatchKit Extension.appex */,
			);
			name = Products;
			sourceTree = "<group>";
		};
		E10896D3258FE83D005E7A0E /* Landmarks */ = {
			isa = PBXGroup;
			children = (
				E10896D4258FE83D005E7A0E /* LandmarksApp.swift */,
				E10896D6258FE83D005E7A0E /* ContentView.swift */,
				E1F43D5B259113CA00C08EBD /* Model */,
				E1F43D572591139700C08EBD /* Views */,
				E1F43D59259113AF00C08EBD /* Ressources */,
				E10896D8258FE83F005E7A0E /* Assets.xcassets */,
				E10896DD258FE83F005E7A0E /* Info.plist */,
				E10896DA258FE83F005E7A0E /* Preview Content */,
			);
			path = Landmarks;
			sourceTree = "<group>";
		};
		E10896DA258FE83F005E7A0E /* Preview Content */ = {
			isa = PBXGroup;
			children = (
				E10896DB258FE83F005E7A0E /* Preview Assets.xcassets */,
			);
			path = "Preview Content";
			sourceTree = "<group>";
		};
		E113E1CB25ED84BD00364D0F /* Helpers */ = {
			isa = PBXGroup;
			children = (
				E1F43D48258FF4D200C08EBD /* CircleImage.swift */,
				E1F43D4B258FF67C00C08EBD /* MapView.swift */,
				E113E1C825ED83A100364D0F /* FavoriteButton.swift */,
			);
			path = Helpers;
			sourceTree = "<group>";
		};
		E113E1CD25ED84D000364D0F /* Landmarks */ = {
			isa = PBXGroup;
			children = (
				E1F43D5D259114A100C08EBD /* LandmarkRow.swift */,
				E1F43D60259116DD00C08EBD /* LandmarkList.swift */,
				E1F43D632591483400C08EBD /* LandmarkDetail.swift */,
			);
			path = Landmarks;
			sourceTree = "<group>";
		};
		E13F78BB26255E67007A91F4 /* PageView */ = {
			isa = PBXGroup;
			children = (
				E13F78BC26255ED5007A91F4 /* PageViewController.swift */,
				E16CE36B2722DEC30030CE4B /* PageControl.swift */,
				E109AE572722D21F00124784 /* FeatureCard.swift */,
				E16CE3692722D4BD0030CE4B /* PageView.swift */,
			);
			path = PageView;
			sourceTree = "<group>";
		};
		E16CE3702722F0880030CE4B /* WatchLandmarks */ = {
			isa = PBXGroup;
			children = (
				E16CE3712722F08B0030CE4B /* Assets.xcassets */,
			);
			path = WatchLandmarks;
			sourceTree = "<group>";
		};
		E16CE37B2722F08B0030CE4B /* WatchLandmarks WatchKit Extension */ = {
			isa = PBXGroup;
			children = (
				E16CE37E2722F08B0030CE4B /* ContentView.swift */,
				E16CE3A22722F3440030CE4B /* LandmarkDetail.swift */,
				E16CE3802722F08B0030CE4B /* NotificationController.swift */,
				E16CE3822722F08B0030CE4B /* NotificationView.swift */,
				E16CE3842722F08B0030CE4B /* ComplicationController.swift */,
				E16CE3862722F08C0030CE4B /* Assets.xcassets */,
				E16CE38B2722F08C0030CE4B /* Info.plist */,
				E16CE38C2722F08C0030CE4B /* PushNotificationPayload.apns */,
				E16CE3882722F08C0030CE4B /* Preview Content */,
			);
			path = "WatchLandmarks WatchKit Extension";
			sourceTree = "<group>";
		};
		E16CE3882722F08C0030CE4B /* Preview Content */ = {
			isa = PBXGroup;
			children = (
				E16CE3892722F08C0030CE4B /* Preview Assets.xcassets */,
			);
			path = "Preview Content";
			sourceTree = "<group>";
		};
		E18E1605262454D900469D9B /* Badges */ = {
			isa = PBXGroup;
			children = (
				E18E15F5262445BB00469D9B /* HexagonParameters.swift */,
				E18E15F82624492900469D9B /* BadgeBackground.swift */,
				E18E15FC2624521100469D9B /* BadgeSymbol.swift */,
				E18E15FF262452A500469D9B /* RotatedBadgeSymbol.swift */,
				E18E1602262453C900469D9B /* Badge.swift */,
			);
			path = Badges;
			sourceTree = "<group>";
		};
		E18E16112624724D00469D9B /* Hikes */ = {
			isa = PBXGroup;
			children = (
				E18E16122624724D00469D9B /* GraphCapsule.swift */,
				E18E16132624724D00469D9B /* HikeGraph.swift */,
				E18E16142624724D00469D9B /* HikeDetail.swift */,
				E18E16152624724D00469D9B /* HikeView.swift */,
				E18E16352624A54900469D9B /* HikeBadge.swift */,
			);
			path = Hikes;
			sourceTree = "<group>";
		};
		E18E161B262487BA00469D9B /* Categories */ = {
			isa = PBXGroup;
			children = (
				E18E161C262487DD00469D9B /* CategoryHome.swift */,
				E18E161F26248CD600469D9B /* CategoryRow.swift */,
				E18E16222624975400469D9B /* CategoryItem.swift */,
			);
			path = Categories;
			sourceTree = "<group>";
		};
		E18E162E2624A3E100469D9B /* Profiles */ = {
			isa = PBXGroup;
			children = (
				E18E162F2624A40400469D9B /* ProfileHost.swift */,
				E18E16322624A45300469D9B /* ProfileSummary.swift */,
				E18E16382624AB5200469D9B /* ProfileEditor.swift */,
			);
			path = Profiles;
			sourceTree = "<group>";
		};
		E1F43D572591139700C08EBD /* Views */ = {
			isa = PBXGroup;
			children = (
				E13F78BB26255E67007A91F4 /* PageView */,
				E18E162E2624A3E100469D9B /* Profiles */,
				E18E161B262487BA00469D9B /* Categories */,
				E18E16112624724D00469D9B /* Hikes */,
				E18E1605262454D900469D9B /* Badges */,
				E113E1CB25ED84BD00364D0F /* Helpers */,
				E113E1CD25ED84D000364D0F /* Landmarks */,
			);
			path = Views;
			sourceTree = "<group>";
		};
		E1F43D59259113AF00C08EBD /* Ressources */ = {
			isa = PBXGroup;
			children = (
				E18E16072624709700469D9B /* hikeData.json */,
				E1F43D4E259110C600C08EBD /* landmarkData.json */,
			);
			path = Ressources;
			sourceTree = "<group>";
		};
		E1F43D5B259113CA00C08EBD /* Model */ = {
			isa = PBXGroup;
			children = (
				E1F43D512591110100C08EBD /* Landmark.swift */,
				E1F43D542591132100C08EBD /* ModelData.swift */,
				E18E160A262470C000469D9B /* Hike.swift */,
				E18E162B2624A3B100469D9B /* Profile.swift */,
			);
			path = Model;
			sourceTree = "<group>";
		};
/* End PBXGroup section */

/* Begin PBXNativeTarget section */
		E10896D0258FE83D005E7A0E /* Landmarks */ = {
			isa = PBXNativeTarget;
			buildConfigurationList = E10896E0258FE83F005E7A0E /* Build configuration list for PBXNativeTarget "Landmarks" */;
			buildPhases = (
				E10896CD258FE83D005E7A0E /* Sources */,
				E10896CE258FE83D005E7A0E /* Frameworks */,
				E10896CF258FE83D005E7A0E /* Resources */,
				E16CE3972722F08C0030CE4B /* Embed Watch Content */,
			);
			buildRules = (
			);
			dependencies = (
				E16CE38E2722F08C0030CE4B /* PBXTargetDependency */,
			);
			name = Landmarks;
			productName = Landmarks;
			productReference = E10896D1258FE83D005E7A0E /* Landmarks.app */;
			productType = "com.apple.product-type.application";
		};
		E16CE36E2722F0880030CE4B /* WatchLandmarks */ = {
			isa = PBXNativeTarget;
			buildConfigurationList = E16CE3942722F08C0030CE4B /* Build configuration list for PBXNativeTarget "WatchLandmarks" */;
			buildPhases = (
				E16CE36D2722F0880030CE4B /* Resources */,
				E16CE3932722F08C0030CE4B /* Embed App Extensions */,
			);
			buildRules = (
			);
			dependencies = (
				E16CE37A2722F08B0030CE4B /* PBXTargetDependency */,
			);
			name = WatchLandmarks;
			productName = WatchLandmarks;
			productReference = E16CE36F2722F0880030CE4B /* WatchLandmarks.app */;
			productType = "com.apple.product-type.application.watchapp2";
		};
		E16CE3762722F08B0030CE4B /* WatchLandmarks WatchKit Extension */ = {
			isa = PBXNativeTarget;
			buildConfigurationList = E16CE3902722F08C0030CE4B /* Build configuration list for PBXNativeTarget "WatchLandmarks WatchKit Extension" */;
			buildPhases = (
				E16CE3732722F08B0030CE4B /* Sources */,
				E16CE3742722F08B0030CE4B /* Frameworks */,
				E16CE3752722F08B0030CE4B /* Resources */,
			);
			buildRules = (
			);
			dependencies = (
			);
			name = "WatchLandmarks WatchKit Extension";
			productName = "WatchLandmarks WatchKit Extension";
			productReference = E16CE3772722F08B0030CE4B /* WatchLandmarks WatchKit Extension.appex */;
			productType = "com.apple.product-type.watchkit2-extension";
		};
/* End PBXNativeTarget section */

/* Begin PBXProject section */
		E10896C9258FE83D005E7A0E /* Project object */ = {
			isa = PBXProject;
			attributes = {
				LastSwiftUpdateCheck = 1300;
				LastUpgradeCheck = 1220;
				TargetAttributes = {
					E10896D0258FE83D005E7A0E = {
						CreatedOnToolsVersion = 12.2;
					};
					E16CE36E2722F0880030CE4B = {
						CreatedOnToolsVersion = 13.0;
					};
					E16CE3762722F08B0030CE4B = {
						CreatedOnToolsVersion = 13.0;
					};
				};
			};
			buildConfigurationList = E10896CC258FE83D005E7A0E /* Build configuration list for PBXProject "Landmarks" */;
			compatibilityVersion = "Xcode 9.3";
			developmentRegion = en;
			hasScannedForEncodings = 0;
			knownRegions = (
				en,
				Base,
			);
			mainGroup = E10896C8258FE83D005E7A0E;
			productRefGroup = E10896D2258FE83D005E7A0E /* Products */;
			projectDirPath = "";
			projectRoot = "";
			targets = (
				E10896D0258FE83D005E7A0E /* Landmarks */,
				E16CE36E2722F0880030CE4B /* WatchLandmarks */,
				E16CE3762722F08B0030CE4B /* WatchLandmarks WatchKit Extension */,
			);
		};
/* End PBXProject section */

/* Begin PBXResourcesBuildPhase section */
		E10896CF258FE83D005E7A0E /* Resources */ = {
			isa = PBXResourcesBuildPhase;
			buildActionMask = 2147483647;
			files = (
				E18E16082624709700469D9B /* hikeData.json in Resources */,
				E10896DC258FE83F005E7A0E /* Preview Assets.xcassets in Resources */,
				E10896D9258FE83F005E7A0E /* Assets.xcassets in Resources */,
				E1F43D4F259110C600C08EBD /* landmarkData.json in Resources */,
			);
			runOnlyForDeploymentPostprocessing = 0;
		};
		E16CE36D2722F0880030CE4B /* Resources */ = {
			isa = PBXResourcesBuildPhase;
			buildActionMask = 2147483647;
			files = (
				E16CE3722722F08B0030CE4B /* Assets.xcassets in Resources */,
			);
			runOnlyForDeploymentPostprocessing = 0;
		};
		E16CE3752722F08B0030CE4B /* Resources */ = {
			isa = PBXResourcesBuildPhase;
			buildActionMask = 2147483647;
			files = (
				E16CE38A2722F08C0030CE4B /* Preview Assets.xcassets in Resources */,
				E16CE3A42722F6010030CE4B /* landmarkData.json in Resources */,
				E16CE3992722F2950030CE4B /* Assets.xcassets in Resources */,
				E16CE3872722F08C0030CE4B /* Assets.xcassets in Resources */,
				E16CE3A52722F6180030CE4B /* hikeData.json in Resources */,
			);
			runOnlyForDeploymentPostprocessing = 0;
		};
/* End PBXResourcesBuildPhase section */

/* Begin PBXSourcesBuildPhase section */
		E10896CD258FE83D005E7A0E /* Sources */ = {
			isa = PBXSourcesBuildPhase;
			buildActionMask = 2147483647;
			files = (
				E18E162026248CD600469D9B /* CategoryRow.swift in Sources */,
				E18E162C2624A3B100469D9B /* Profile.swift in Sources */,
				E18E161D262487DD00469D9B /* CategoryHome.swift in Sources */,
				E18E16172624724D00469D9B /* HikeGraph.swift in Sources */,
				E109AE582722D21F00124784 /* FeatureCard.swift in Sources */,
				E18E1603262453C900469D9B /* Badge.swift in Sources */,
				E1F43D4C258FF67C00C08EBD /* MapView.swift in Sources */,
				E18E16162624724D00469D9B /* GraphCapsule.swift in Sources */,
				E10896D5258FE83D005E7A0E /* LandmarksApp.swift in Sources */,
				E113E1C925ED83A100364D0F /* FavoriteButton.swift in Sources */,
				E16CE36C2722DEC30030CE4B /* PageControl.swift in Sources */,
				E18E16232624975400469D9B /* CategoryItem.swift in Sources */,
				E18E16182624724D00469D9B /* HikeDetail.swift in Sources */,
				E18E15F6262445BB00469D9B /* HexagonParameters.swift in Sources */,
				E18E16332624A45300469D9B /* ProfileSummary.swift in Sources */,
				E18E160B262470C000469D9B /* Hike.swift in Sources */,
				E18E16302624A40400469D9B /* ProfileHost.swift in Sources */,
				E18E1600262452A500469D9B /* RotatedBadgeSymbol.swift in Sources */,
				E18E15FD2624521100469D9B /* BadgeSymbol.swift in Sources */,
				E16CE36A2722D4BD0030CE4B /* PageView.swift in Sources */,
				E1F43D61259116DD00C08EBD /* LandmarkList.swift in Sources */,
				E18E16392624AB5200469D9B /* ProfileEditor.swift in Sources */,
				E18E16192624724D00469D9B /* HikeView.swift in Sources */,
				E1F43D642591483400C08EBD /* LandmarkDetail.swift in Sources */,
				E18E162926249C8000469D9B /* ContentView.swift in Sources */,
				E13F78BD26255ED5007A91F4 /* PageViewController.swift in Sources */,
				E18E15F92624492900469D9B /* BadgeBackground.swift in Sources */,
				E18E16362624A54900469D9B /* HikeBadge.swift in Sources */,
				E1F43D49258FF4D200C08EBD /* CircleImage.swift in Sources */,
				E1F43D522591110100C08EBD /* Landmark.swift in Sources */,
				E1F43D5E259114A100C08EBD /* LandmarkRow.swift in Sources */,
				E1F43D552591132100C08EBD /* ModelData.swift in Sources */,
			);
			runOnlyForDeploymentPostprocessing = 0;
		};
		E16CE3732722F08B0030CE4B /* Sources */ = {
			isa = PBXSourcesBuildPhase;
			buildActionMask = 2147483647;
			files = (
				E16CE3812722F08B0030CE4B /* NotificationController.swift in Sources */,
				E16CE37F2722F08B0030CE4B /* ContentView.swift in Sources */,
				E16CE3852722F08B0030CE4B /* ComplicationController.swift in Sources */,
				E16CE3A12722F2950030CE4B /* Profile.swift in Sources */,
				E16CE39C2722F2950030CE4B /* LandmarkList.swift in Sources */,
				E16CE39B2722F2950030CE4B /* Hike.swift in Sources */,
				E16CE3A32722F3440030CE4B /* LandmarkDetail.swift in Sources */,
				E16CE39D2722F2950030CE4B /* Landmark.swift in Sources */,
				E16CE3982722F2950030CE4B /* LandmarkRow.swift in Sources */,
				E16CE3A02722F2950030CE4B /* LandmarksApp.swift in Sources */,
				E16CE39E2722F2950030CE4B /* MapView.swift in Sources */,
				E16CE39F2722F2950030CE4B /* CircleImage.swift in Sources */,
				E16CE3832722F08B0030CE4B /* NotificationView.swift in Sources */,
				E16CE39A2722F2950030CE4B /* ModelData.swift in Sources */,
			);
			runOnlyForDeploymentPostprocessing = 0;
		};
/* End PBXSourcesBuildPhase section */

/* Begin PBXTargetDependency section */
		E16CE37A2722F08B0030CE4B /* PBXTargetDependency */ = {
			isa = PBXTargetDependency;
			target = E16CE3762722F08B0030CE4B /* WatchLandmarks WatchKit Extension */;
			targetProxy = E16CE3792722F08B0030CE4B /* PBXContainerItemProxy */;
		};
		E16CE38E2722F08C0030CE4B /* PBXTargetDependency */ = {
			isa = PBXTargetDependency;
			target = E16CE36E2722F0880030CE4B /* WatchLandmarks */;
			targetProxy = E16CE38D2722F08C0030CE4B /* PBXContainerItemProxy */;
		};
/* End PBXTargetDependency section */

/* Begin XCBuildConfiguration section */
		E10896DE258FE83F005E7A0E /* Debug */ = {
			isa = XCBuildConfiguration;
			buildSettings = {
				ALWAYS_SEARCH_USER_PATHS = NO;
				CLANG_ANALYZER_NONNULL = YES;
				CLANG_ANALYZER_NUMBER_OBJECT_CONVERSION = YES_AGGRESSIVE;
				CLANG_CXX_LANGUAGE_STANDARD = "gnu++14";
				CLANG_CXX_LIBRARY = "libc++";
				CLANG_ENABLE_MODULES = YES;
				CLANG_ENABLE_OBJC_ARC = YES;
				CLANG_ENABLE_OBJC_WEAK = YES;
				CLANG_WARN_BLOCK_CAPTURE_AUTORELEASING = YES;
				CLANG_WARN_BOOL_CONVERSION = YES;
				CLANG_WARN_COMMA = YES;
				CLANG_WARN_CONSTANT_CONVERSION = YES;
				CLANG_WARN_DEPRECATED_OBJC_IMPLEMENTATIONS = YES;
				CLANG_WARN_DIRECT_OBJC_ISA_USAGE = YES_ERROR;
				CLANG_WARN_DOCUMENTATION_COMMENTS = YES;
				CLANG_WARN_EMPTY_BODY = YES;
				CLANG_WARN_ENUM_CONVERSION = YES;
				CLANG_WARN_INFINITE_RECURSION = YES;
				CLANG_WARN_INT_CONVERSION = YES;
				CLANG_WARN_NON_LITERAL_NULL_CONVERSION = YES;
				CLANG_WARN_OBJC_IMPLICIT_RETAIN_SELF = YES;
				CLANG_WARN_OBJC_LITERAL_CONVERSION = YES;
				CLANG_WARN_OBJC_ROOT_CLASS = YES_ERROR;
				CLANG_WARN_QUOTED_INCLUDE_IN_FRAMEWORK_HEADER = YES;
				CLANG_WARN_RANGE_LOOP_ANALYSIS = YES;
				CLANG_WARN_STRICT_PROTOTYPES = YES;
				CLANG_WARN_SUSPICIOUS_MOVE = YES;
				CLANG_WARN_UNGUARDED_AVAILABILITY = YES_AGGRESSIVE;
				CLANG_WARN_UNREACHABLE_CODE = YES;
				CLANG_WARN__DUPLICATE_METHOD_MATCH = YES;
				COPY_PHASE_STRIP = NO;
				DEBUG_INFORMATION_FORMAT = dwarf;
				ENABLE_STRICT_OBJC_MSGSEND = YES;
				ENABLE_TESTABILITY = YES;
				GCC_C_LANGUAGE_STANDARD = gnu11;
				GCC_DYNAMIC_NO_PIC = NO;
				GCC_NO_COMMON_BLOCKS = YES;
				GCC_OPTIMIZATION_LEVEL = 0;
				GCC_PREPROCESSOR_DEFINITIONS = (
					"DEBUG=1",
					"$(inherited)",
				);
				GCC_WARN_64_TO_32_BIT_CONVERSION = YES;
				GCC_WARN_ABOUT_RETURN_TYPE = YES_ERROR;
				GCC_WARN_UNDECLARED_SELECTOR = YES;
				GCC_WARN_UNINITIALIZED_AUTOS = YES_AGGRESSIVE;
				GCC_WARN_UNUSED_FUNCTION = YES;
				GCC_WARN_UNUSED_VARIABLE = YES;
				IPHONEOS_DEPLOYMENT_TARGET = 14.2;
				MTL_ENABLE_DEBUG_INFO = INCLUDE_SOURCE;
				MTL_FAST_MATH = YES;
				ONLY_ACTIVE_ARCH = YES;
				SDKROOT = iphoneos;
				SWIFT_ACTIVE_COMPILATION_CONDITIONS = DEBUG;
				SWIFT_OPTIMIZATION_LEVEL = "-Onone";
			};
			name = Debug;
		};
		E10896DF258FE83F005E7A0E /* Release */ = {
			isa = XCBuildConfiguration;
			buildSettings = {
				ALWAYS_SEARCH_USER_PATHS = NO;
				CLANG_ANALYZER_NONNULL = YES;
				CLANG_ANALYZER_NUMBER_OBJECT_CONVERSION = YES_AGGRESSIVE;
				CLANG_CXX_LANGUAGE_STANDARD = "gnu++14";
				CLANG_CXX_LIBRARY = "libc++";
				CLANG_ENABLE_MODULES = YES;
				CLANG_ENABLE_OBJC_ARC = YES;
				CLANG_ENABLE_OBJC_WEAK = YES;
				CLANG_WARN_BLOCK_CAPTURE_AUTORELEASING = YES;
				CLANG_WARN_BOOL_CONVERSION = YES;
				CLANG_WARN_COMMA = YES;
				CLANG_WARN_CONSTANT_CONVERSION = YES;
				CLANG_WARN_DEPRECATED_OBJC_IMPLEMENTATIONS = YES;
				CLANG_WARN_DIRECT_OBJC_ISA_USAGE = YES_ERROR;
				CLANG_WARN_DOCUMENTATION_COMMENTS = YES;
				CLANG_WARN_EMPTY_BODY = YES;
				CLANG_WARN_ENUM_CONVERSION = YES;
				CLANG_WARN_INFINITE_RECURSION = YES;
				CLANG_WARN_INT_CONVERSION = YES;
				CLANG_WARN_NON_LITERAL_NULL_CONVERSION = YES;
				CLANG_WARN_OBJC_IMPLICIT_RETAIN_SELF = YES;
				CLANG_WARN_OBJC_LITERAL_CONVERSION = YES;
				CLANG_WARN_OBJC_ROOT_CLASS = YES_ERROR;
				CLANG_WARN_QUOTED_INCLUDE_IN_FRAMEWORK_HEADER = YES;
				CLANG_WARN_RANGE_LOOP_ANALYSIS = YES;
				CLANG_WARN_STRICT_PROTOTYPES = YES;
				CLANG_WARN_SUSPICIOUS_MOVE = YES;
				CLANG_WARN_UNGUARDED_AVAILABILITY = YES_AGGRESSIVE;
				CLANG_WARN_UNREACHABLE_CODE = YES;
				CLANG_WARN__DUPLICATE_METHOD_MATCH = YES;
				COPY_PHASE_STRIP = NO;
				DEBUG_INFORMATION_FORMAT = "dwarf-with-dsym";
				ENABLE_NS_ASSERTIONS = NO;
				ENABLE_STRICT_OBJC_MSGSEND = YES;
				GCC_C_LANGUAGE_STANDARD = gnu11;
				GCC_NO_COMMON_BLOCKS = YES;
				GCC_WARN_64_TO_32_BIT_CONVERSION = YES;
				GCC_WARN_ABOUT_RETURN_TYPE = YES_ERROR;
				GCC_WARN_UNDECLARED_SELECTOR = YES;
				GCC_WARN_UNINITIALIZED_AUTOS = YES_AGGRESSIVE;
				GCC_WARN_UNUSED_FUNCTION = YES;
				GCC_WARN_UNUSED_VARIABLE = YES;
				IPHONEOS_DEPLOYMENT_TARGET = 14.2;
				MTL_ENABLE_DEBUG_INFO = NO;
				MTL_FAST_MATH = YES;
				SDKROOT = iphoneos;
				SWIFT_COMPILATION_MODE = wholemodule;
				SWIFT_OPTIMIZATION_LEVEL = "-O";
				VALIDATE_PRODUCT = YES;
			};
			name = Release;
		};
		E10896E1258FE83F005E7A0E /* Debug */ = {
			isa = XCBuildConfiguration;
			buildSettings = {
				ASSETCATALOG_COMPILER_APPICON_NAME = AppIcon;
				ASSETCATALOG_COMPILER_GLOBAL_ACCENT_COLOR_NAME = AccentColor;
				CODE_SIGN_STYLE = Automatic;
				DEVELOPMENT_ASSET_PATHS = "\"Landmarks/Preview Content\"";
				DEVELOPMENT_TEAM = 7K2HLWAMJ8;
				ENABLE_PREVIEWS = YES;
				INFOPLIST_FILE = Landmarks/Info.plist;
				IPHONEOS_DEPLOYMENT_TARGET = 14.4;
				LD_RUNPATH_SEARCH_PATHS = (
					"$(inherited)",
					"@executable_path/Frameworks",
				);
				PRODUCT_BUNDLE_IDENTIFIER = eu.plagens.Landmarks;
				PRODUCT_NAME = "$(TARGET_NAME)";
				SWIFT_VERSION = 5.0;
				TARGETED_DEVICE_FAMILY = "1,2";
			};
			name = Debug;
		};
		E10896E2258FE83F005E7A0E /* Release */ = {
			isa = XCBuildConfiguration;
			buildSettings = {
				ASSETCATALOG_COMPILER_APPICON_NAME = AppIcon;
				ASSETCATALOG_COMPILER_GLOBAL_ACCENT_COLOR_NAME = AccentColor;
				CODE_SIGN_STYLE = Automatic;
				DEVELOPMENT_ASSET_PATHS = "\"Landmarks/Preview Content\"";
				DEVELOPMENT_TEAM = 7K2HLWAMJ8;
				ENABLE_PREVIEWS = YES;
				INFOPLIST_FILE = Landmarks/Info.plist;
				IPHONEOS_DEPLOYMENT_TARGET = 14.4;
				LD_RUNPATH_SEARCH_PATHS = (
					"$(inherited)",
					"@executable_path/Frameworks",
				);
				PRODUCT_BUNDLE_IDENTIFIER = eu.plagens.Landmarks;
				PRODUCT_NAME = "$(TARGET_NAME)";
				SWIFT_VERSION = 5.0;
				TARGETED_DEVICE_FAMILY = "1,2";
			};
			name = Release;
		};
		E16CE3912722F08C0030CE4B /* Debug */ = {
			isa = XCBuildConfiguration;
			buildSettings = {
				ASSETCATALOG_COMPILER_COMPLICATION_NAME = Complication;
				CLANG_CXX_LANGUAGE_STANDARD = "gnu++17";
				CODE_SIGN_STYLE = Automatic;
				CURRENT_PROJECT_VERSION = 1;
				DEVELOPMENT_ASSET_PATHS = "\"WatchLandmarks WatchKit Extension/Preview Content\"";
				DEVELOPMENT_TEAM = 7K2HLWAMJ8;
				ENABLE_PREVIEWS = YES;
				GENERATE_INFOPLIST_FILE = YES;
				INFOPLIST_FILE = "WatchLandmarks WatchKit Extension/Info.plist";
				INFOPLIST_KEY_CFBundleDisplayName = "WatchLandmarks WatchKit Extension";
				INFOPLIST_KEY_CLKComplicationPrincipalClass = WatchLandmarks_WatchKit_Extension.ComplicationController;
				INFOPLIST_KEY_NSHumanReadableCopyright = "";
				INFOPLIST_KEY_WKRunsIndependentlyOfCompanionApp = YES;
				LD_RUNPATH_SEARCH_PATHS = (
					"$(inherited)",
					"@executable_path/Frameworks",
					"@executable_path/../../Frameworks",
				);
				MARKETING_VERSION = 1.0;
				PRODUCT_BUNDLE_IDENTIFIER = eu.plagens.Landmarks.watchkitapp.watchkitextension;
				PRODUCT_NAME = "${TARGET_NAME}";
				SDKROOT = watchos;
				SKIP_INSTALL = YES;
				SWIFT_EMIT_LOC_STRINGS = YES;
				SWIFT_VERSION = 5.0;
				TARGETED_DEVICE_FAMILY = 4;
				WATCHOS_DEPLOYMENT_TARGET = 8.0;
			};
			name = Debug;
		};
		E16CE3922722F08C0030CE4B /* Release */ = {
			isa = XCBuildConfiguration;
			buildSettings = {
				ASSETCATALOG_COMPILER_COMPLICATION_NAME = Complication;
				CLANG_CXX_LANGUAGE_STANDARD = "gnu++17";
				CODE_SIGN_STYLE = Automatic;
				CURRENT_PROJECT_VERSION = 1;
				DEVELOPMENT_ASSET_PATHS = "\"WatchLandmarks WatchKit Extension/Preview Content\"";
				DEVELOPMENT_TEAM = 7K2HLWAMJ8;
				ENABLE_PREVIEWS = YES;
				GENERATE_INFOPLIST_FILE = YES;
				INFOPLIST_FILE = "WatchLandmarks WatchKit Extension/Info.plist";
				INFOPLIST_KEY_CFBundleDisplayName = "WatchLandmarks WatchKit Extension";
				INFOPLIST_KEY_CLKComplicationPrincipalClass = WatchLandmarks_WatchKit_Extension.ComplicationController;
				INFOPLIST_KEY_NSHumanReadableCopyright = "";
				INFOPLIST_KEY_WKRunsIndependentlyOfCompanionApp = YES;
				LD_RUNPATH_SEARCH_PATHS = (
					"$(inherited)",
					"@executable_path/Frameworks",
					"@executable_path/../../Frameworks",
				);
				MARKETING_VERSION = 1.0;
				PRODUCT_BUNDLE_IDENTIFIER = eu.plagens.Landmarks.watchkitapp.watchkitextension;
				PRODUCT_NAME = "${TARGET_NAME}";
				SDKROOT = watchos;
				SKIP_INSTALL = YES;
				SWIFT_EMIT_LOC_STRINGS = YES;
				SWIFT_VERSION = 5.0;
				TARGETED_DEVICE_FAMILY = 4;
				WATCHOS_DEPLOYMENT_TARGET = 8.0;
			};
			name = Release;
		};
		E16CE3952722F08C0030CE4B /* Debug */ = {
			isa = XCBuildConfiguration;
			buildSettings = {
				ALWAYS_EMBED_SWIFT_STANDARD_LIBRARIES = YES;
				ASSETCATALOG_COMPILER_APPICON_NAME = AppIcon;
				ASSETCATALOG_COMPILER_GLOBAL_ACCENT_COLOR_NAME = AccentColor;
				CLANG_CXX_LANGUAGE_STANDARD = "gnu++17";
				CODE_SIGN_STYLE = Automatic;
				CURRENT_PROJECT_VERSION = 1;
				DEVELOPMENT_TEAM = 7K2HLWAMJ8;
				GENERATE_INFOPLIST_FILE = YES;
				IBSC_MODULE = WatchLandmarks_WatchKit_Extension;
				INFOPLIST_KEY_CFBundleDisplayName = WatchLandmarks;
				INFOPLIST_KEY_UISupportedInterfaceOrientations = "UIInterfaceOrientationPortrait UIInterfaceOrientationPortraitUpsideDown";
				INFOPLIST_KEY_WKCompanionAppBundleIdentifier = eu.plagens.Landmarks;
				MARKETING_VERSION = 1.0;
				PRODUCT_BUNDLE_IDENTIFIER = eu.plagens.Landmarks.watchkitapp;
				PRODUCT_NAME = "$(TARGET_NAME)";
				SDKROOT = watchos;
				SKIP_INSTALL = YES;
				SWIFT_EMIT_LOC_STRINGS = YES;
				SWIFT_VERSION = 5.0;
				TARGETED_DEVICE_FAMILY = 4;
				WATCHOS_DEPLOYMENT_TARGET = 8.0;
			};
			name = Debug;
		};
		E16CE3962722F08C0030CE4B /* Release */ = {
			isa = XCBuildConfiguration;
			buildSettings = {
				ALWAYS_EMBED_SWIFT_STANDARD_LIBRARIES = YES;
				ASSETCATALOG_COMPILER_APPICON_NAME = AppIcon;
				ASSETCATALOG_COMPILER_GLOBAL_ACCENT_COLOR_NAME = AccentColor;
				CLANG_CXX_LANGUAGE_STANDARD = "gnu++17";
				CODE_SIGN_STYLE = Automatic;
				CURRENT_PROJECT_VERSION = 1;
				DEVELOPMENT_TEAM = 7K2HLWAMJ8;
				GENERATE_INFOPLIST_FILE = YES;
				IBSC_MODULE = WatchLandmarks_WatchKit_Extension;
				INFOPLIST_KEY_CFBundleDisplayName = WatchLandmarks;
				INFOPLIST_KEY_UISupportedInterfaceOrientations = "UIInterfaceOrientationPortrait UIInterfaceOrientationPortraitUpsideDown";
				INFOPLIST_KEY_WKCompanionAppBundleIdentifier = eu.plagens.Landmarks;
				MARKETING_VERSION = 1.0;
				PRODUCT_BUNDLE_IDENTIFIER = eu.plagens.Landmarks.watchkitapp;
				PRODUCT_NAME = "$(TARGET_NAME)";
				SDKROOT = watchos;
				SKIP_INSTALL = YES;
				SWIFT_EMIT_LOC_STRINGS = YES;
				SWIFT_VERSION = 5.0;
				TARGETED_DEVICE_FAMILY = 4;
				WATCHOS_DEPLOYMENT_TARGET = 8.0;
			};
			name = Release;
		};
/* End XCBuildConfiguration section */

/* Begin XCConfigurationList section */
		E10896CC258FE83D005E7A0E /* Build configuration list for PBXProject "Landmarks" */ = {
			isa = XCConfigurationList;
			buildConfigurations = (
				E10896DE258FE83F005E7A0E /* Debug */,
				E10896DF258FE83F005E7A0E /* Release */,
			);
			defaultConfigurationIsVisible = 0;
			defaultConfigurationName = Release;
		};
		E10896E0258FE83F005E7A0E /* Build configuration list for PBXNativeTarget "Landmarks" */ = {
			isa = XCConfigurationList;
			buildConfigurations = (
				E10896E1258FE83F005E7A0E /* Debug */,
				E10896E2258FE83F005E7A0E /* Release */,
			);
			defaultConfigurationIsVisible = 0;
			defaultConfigurationName = Release;
		};
		E16CE3902722F08C0030CE4B /* Build configuration list for PBXNativeTarget "WatchLandmarks WatchKit Extension" */ = {
			isa = XCConfigurationList;
			buildConfigurations = (
				E16CE3912722F08C0030CE4B /* Debug */,
				E16CE3922722F08C0030CE4B /* Release */,
			);
			defaultConfigurationIsVisible = 0;
			defaultConfigurationName = Release;
		};
		E16CE3942722F08C0030CE4B /* Build configuration list for PBXNativeTarget "WatchLandmarks" */ = {
			isa = XCConfigurationList;
			buildConfigurations = (
				E16CE3952722F08C0030CE4B /* Debug */,
				E16CE3962722F08C0030CE4B /* Release */,
			);
			defaultConfigurationIsVisible = 0;
			defaultConfigurationName = Release;
		};
/* End XCConfigurationList section */
	};
	rootObject = E10896C9258FE83D005E7A0E /* Project object */;
}
